
Microsoft Visual Studio Solution File, Format Version 12.00
# Visual Studio 15
VisualStudioVersion = 15.0.27130.2036
MinimumVisualStudioVersion = 10.0.40219.1
Project("{FAE04EC0-301F-11D3-BF4B-00C04F79EFBC}") = "DiabeticWebAppMVC5", "DiabeticWebAppMVC5\DiabeticWebAppMVC5.csproj", "{0198B77C-B27F-4BBD-8B09-E726F1F21E05}"
EndProject
Project("{FAE04EC0-301F-11D3-BF4B-00C04F79EFBC}") = "ApiInfrastructure", "ApiInfrastructure\ApiInfrastructure.csproj", "{C8EB2A15-2EAF-49AB-B662-1868B34CB513}"
EndProject
Global
	GlobalSection(SolutionConfigurationPlatforms) = preSolution
		Debug|Any CPU = Debug|Any CPU
		Release|Any CPU = Release|Any CPU
	EndGlobalSection
	GlobalSection(ProjectConfigurationPlatforms) = postSolution
		{0198B77C-B27F-4BBD-8B09-E726F1F21E05}.Debug|Any CPU.ActiveCfg = Debug|Any CPU
		{0198B77C-B27F-4BBD-8B09-E726F1F21E05}.Debug|Any CPU.Build.0 = Debug|Any CPU
		{0198B77C-B27F-4BBD-8B09-E726F1F21E05}.Release|Any CPU.ActiveCfg = Release|Any CPU
		{0198B77C-B27F-4BBD-8B09-E726F1F21E05}.Release|Any CPU.Build.0 = Release|Any CPU
		{C8EB2A15-2EAF-49AB-B662-1868B34CB513}.Debug|Any CPU.ActiveCfg = Debug|Any CPU
		{C8EB2A15-2EAF-49AB-B662-1868B34CB513}.Debug|Any CPU.Build.0 = Debug|Any CPU
		{C8EB2A15-2EAF-49AB-B662-1868B34CB513}.Release|Any CPU.ActiveCfg = Release|Any CPU
		{C8EB2A15-2EAF-49AB-B662-1868B34CB513}.Release|Any CPU.Build.0 = Release|Any CPU
	EndGlobalSection
	GlobalSection(SolutionProperties) = preSolution
		HideSolutionNode = FALSE
	EndGlobalSection
	GlobalSection(ExtensibilityGlobals) = postSolution
		SolutionGuid = {0059E3B5-136B-4A9A-A585-957F36F6FE0E}
	EndGlobalSection
EndGlobal
